// !$*UTF8*$!
{
	archiveVersion = 1;
	classes = {
	};
	objectVersion = 46;
	objects = {

/* Begin PBXBuildFile section */
		5F1426591F77123800B86020 /* ForecastService.swift in Sources */ = {isa = PBXBuildFile; fileRef = 5F1426581F77123800B86020 /* ForecastService.swift */; };
		5F14265B1F7715B400B86020 /* CurrentWeather.swift in Sources */ = {isa = PBXBuildFile; fileRef = 5F14265A1F7715B400B86020 /* CurrentWeather.swift */; };
		5F813D4D1F76B34000EE4737 /* AppDelegate.swift in Sources */ = {isa = PBXBuildFile; fileRef = 5F813D4C1F76B34000EE4737 /* AppDelegate.swift */; };
		5F813D4F1F76B34000EE4737 /* ViewController.swift in Sources */ = {isa = PBXBuildFile; fileRef = 5F813D4E1F76B34000EE4737 /* ViewController.swift */; };
		5F813D521F76B34000EE4737 /* Main.storyboard in Resources */ = {isa = PBXBuildFile; fileRef = 5F813D501F76B34000EE4737 /* Main.storyboard */; };
		5F813D541F76B34000EE4737 /* Assets.xcassets in Resources */ = {isa = PBXBuildFile; fileRef = 5F813D531F76B34000EE4737 /* Assets.xcassets */; };
		5F813D571F76B34000EE4737 /* LaunchScreen.storyboard in Resources */ = {isa = PBXBuildFile; fileRef = 5F813D551F76B34000EE4737 /* LaunchScreen.storyboard */; };
		5F813D5F1F76B72400EE4737 /* NetworkProcessor.swift in Sources */ = {isa = PBXBuildFile; fileRef = 5F813D5E1F76B72400EE4737 /* NetworkProcessor.swift */; };
/* End PBXBuildFile section */

/* Begin PBXFileReference section */
		5F1426581F77123800B86020 /* ForecastService.swift */ = {isa = PBXFileReference; lastKnownFileType = sourcecode.swift; path = ForecastService.swift; sourceTree = "<group>"; };
		5F14265A1F7715B400B86020 /* CurrentWeather.swift */ = {isa = PBXFileReference; lastKnownFileType = sourcecode.swift; path = CurrentWeather.swift; sourceTree = "<group>"; };
		5F813D491F76B34000EE4737 /* WeatherNow.app */ = {isa = PBXFileReference; explicitFileType = wrapper.application; includeInIndex = 0; path = WeatherNow.app; sourceTree = BUILT_PRODUCTS_DIR; };
		5F813D4C1F76B34000EE4737 /* AppDelegate.swift */ = {isa = PBXFileReference; lastKnownFileType = sourcecode.swift; path = AppDelegate.swift; sourceTree = "<group>"; };
		5F813D4E1F76B34000EE4737 /* ViewController.swift */ = {isa = PBXFileReference; lastKnownFileType = sourcecode.swift; path = ViewController.swift; sourceTree = "<group>"; };
		5F813D511F76B34000EE4737 /* Base */ = {isa = PBXFileReference; lastKnownFileType = file.storyboard; name = Base; path = Base.lproj/Main.storyboard; sourceTree = "<group>"; };
		5F813D531F76B34000EE4737 /* Assets.xcassets */ = {isa = PBXFileReference; lastKnownFileType = folder.assetcatalog; path = Assets.xcassets; sourceTree = "<group>"; };
		5F813D561F76B34000EE4737 /* Base */ = {isa = PBXFileReference; lastKnownFileType = file.storyboard; name = Base; path = Base.lproj/LaunchScreen.storyboard; sourceTree = "<group>"; };
		5F813D581F76B34000EE4737 /* Info.plist */ = {isa = PBXFileReference; lastKnownFileType = text.plist.xml; path = Info.plist; sourceTree = "<group>"; };
		5F813D5E1F76B72400EE4737 /* NetworkProcessor.swift */ = {isa = PBXFileReference; fileEncoding = 4; lastKnownFileType = sourcecode.swift; path = NetworkProcessor.swift; sourceTree = "<group>"; };
/* End PBXFileReference section */

/* Begin PBXFrameworksBuildPhase section */
		5F813D461F76B34000EE4737 /* Frameworks */ = {
			isa = PBXFrameworksBuildPhase;
			buildActionMask = 2147483647;
			files = (
			);
			runOnlyForDeploymentPostprocessing = 0;
		};
/* End PBXFrameworksBuildPhase section */

/* Begin PBXGroup section */
		5F813D401F76B34000EE4737 = {
			isa = PBXGroup;
			children = (
				5F813D4B1F76B34000EE4737 /* WeatherNow */,
				5F813D4A1F76B34000EE4737 /* Products */,
			);
			sourceTree = "<group>";
		};
		5F813D4A1F76B34000EE4737 /* Products */ = {
			isa = PBXGroup;
			children = (
				5F813D491F76B34000EE4737 /* WeatherNow.app */,
			);
			name = Products;
			sourceTree = "<group>";
		};
		5F813D4B1F76B34000EE4737 /* WeatherNow */ = {
			isa = PBXGroup;
			children = (
				5F813D4C1F76B34000EE4737 /* AppDelegate.swift */,
				5F813D4E1F76B34000EE4737 /* ViewController.swift */,
				5F813D611F76B76100EE4737 /* Model */,
				5F813D501F76B34000EE4737 /* Main.storyboard */,
				5F813D531F76B34000EE4737 /* Assets.xcassets */,
				5F813D551F76B34000EE4737 /* LaunchScreen.storyboard */,
				5F813D581F76B34000EE4737 /* Info.plist */,
			);
			path = WeatherNow;
			sourceTree = "<group>";
		};
		5F813D611F76B76100EE4737 /* Model */ = {
			isa = PBXGroup;
			children = (
				5F813D5E1F76B72400EE4737 /* NetworkProcessor.swift */,
				5F1426581F77123800B86020 /* ForecastService.swift */,
				5F14265A1F7715B400B86020 /* CurrentWeather.swift */,
			);
			name = Model;
			sourceTree = "<group>";
		};
/* End PBXGroup section */

/* Begin PBXNativeTarget section */
		5F813D481F76B34000EE4737 /* WeatherNow */ = {
			isa = PBXNativeTarget;
			buildConfigurationList = 5F813D5B1F76B34000EE4737 /* Build configuration list for PBXNativeTarget "WeatherNow" */;
			buildPhases = (
				5F813D451F76B34000EE4737 /* Sources */,
				5F813D461F76B34000EE4737 /* Frameworks */,
				5F813D471F76B34000EE4737 /* Resources */,
			);
			buildRules = (
			);
			dependencies = (
			);
			name = WeatherNow;
			productName = WeatherNow;
			productReference = 5F813D491F76B34000EE4737 /* WeatherNow.app */;
			productType = "com.apple.product-type.application";
		};
/* End PBXNativeTarget section */

/* Begin PBXProject section */
		5F813D411F76B34000EE4737 /* Project object */ = {
			isa = PBXProject;
			attributes = {
				LastSwiftUpdateCheck = 0830;
				LastUpgradeCheck = 0900;
				ORGANIZATIONNAME = "Ebenezer Williams";
				TargetAttributes = {
					5F813D481F76B34000EE4737 = {
						CreatedOnToolsVersion = 8.3.3;
						DevelopmentTeam = 89FDDQSF5H;
						LastSwiftMigration = 0900;
						ProvisioningStyle = Automatic;
					};
				};
			};
			buildConfigurationList = 5F813D441F76B34000EE4737 /* Build configuration list for PBXProject "WeatherNow" */;
			compatibilityVersion = "Xcode 3.2";
			developmentRegion = English;
			hasScannedForEncodings = 0;
			knownRegions = (
				en,
				Base,
			);
			mainGroup = 5F813D401F76B34000EE4737;
			productRefGroup = 5F813D4A1F76B34000EE4737 /* Products */;
			projectDirPath = "";
			projectRoot = "";
			targets = (
				5F813D481F76B34000EE4737 /* WeatherNow */,
			);
		};
/* End PBXProject section */

/* Begin PBXResourcesBuildPhase section */
		5F813D471F76B34000EE4737 /* Resources */ = {
			isa = PBXResourcesBuildPhase;
			buildActionMask = 2147483647;
			files = (
				5F813D571F76B34000EE4737 /* LaunchScreen.storyboard in Resources */,
				5F813D541F76B34000EE4737 /* Assets.xcassets in Resources */,
				5F813D521F76B34000EE4737 /* Main.storyboard in Resources */,
			);
			runOnlyForDeploymentPostprocessing = 0;
		};
/* End PBXResourcesBuildPhase section */

/* Begin PBXSourcesBuildPhase section */
		5F813D451F76B34000EE4737 /* Sources */ = {
			isa = PBXSourcesBuildPhase;
			buildActionMask = 2147483647;
			files = (
				5F1426591F77123800B86020 /* ForecastService.swift in Sources */,
				5F14265B1F7715B400B86020 /* CurrentWeather.swift in Sources */,
				5F813D5F1F76B72400EE4737 /* NetworkProcessor.swift in Sources */,
				5F813D4F1F76B34000EE4737 /* ViewController.swift in Sources */,
				5F813D4D1F76B34000EE4737 /* AppDelegate.swift in Sources */,
			);
			runOnlyForDeploymentPostprocessing = 0;
		};
/* End PBXSourcesBuildPhase section */

/* Begin PBXVariantGroup section */
		5F813D501F76B34000EE4737 /* Main.storyboard */ = {
			isa = PBXVariantGroup;
			children = (
				5F813D511F76B34000EE4737 /* Base */,
			);
			name = Main.storyboard;
			sourceTree = "<group>";
		};
		5F813D551F76B34000EE4737 /* LaunchScreen.storyboard */ = {
			isa = PBXVariantGroup;
			children = (
				5F813D561F76B34000EE4737 /* Base */,
			);
			name = LaunchScreen.storyboard;
			sourceTree = "<group>";
		};
/* End PBXVariantGroup section */

/* Begin XCBuildConfiguration section */
		5F813D591F76B34000EE4737 /* Debug */ = {
			isa = XCBuildConfiguration;
			buildSettings = {
				ALWAYS_SEARCH_USER_PATHS = NO;
				CLANG_ANALYZER_NONNULL = YES;
				CLANG_ANALYZER_NUMBER_OBJECT_CONVERSION = YES_AGGRESSIVE;
				CLANG_CXX_LANGUAGE_STANDARD = "gnu++0x";
				CLANG_CXX_LIBRARY = "libc++";
				CLANG_ENABLE_MODULES = YES;
				CLANG_ENABLE_OBJC_ARC = YES;
				CLANG_WARN_BLOCK_CAPTURE_AUTORELEASING = YES;
				CLANG_WARN_BOOL_CONVERSION = YES;
				CLANG_WARN_COMMA = YES;
				CLANG_WARN_CONSTANT_CONVERSION = YES;
				CLANG_WARN_DIRECT_OBJC_ISA_USAGE = YES_ERROR;
				CLANG_WARN_DOCUMENTATION_COMMENTS = YES;
				CLANG_WARN_EMPTY_BODY = YES;
				CLANG_WARN_ENUM_CONVERSION = YES;
				CLANG_WARN_INFINITE_RECURSION = YES;
				CLANG_WARN_INT_CONVERSION = YES;
				CLANG_WARN_NON_LITERAL_NULL_CONVERSION = YES;
				CLANG_WARN_OBJC_LITERAL_CONVERSION = YES;
				CLANG_WARN_OBJC_ROOT_CLASS = YES_ERROR;
				CLANG_WARN_RANGE_LOOP_ANALYSIS = YES;
				CLANG_WARN_STRICT_PROTOTYPES = YES;
				CLANG_WARN_SUSPICIOUS_MOVE = YES;
				CLANG_WARN_UNREACHABLE_CODE = YES;
				CLANG_WARN__DUPLICATE_METHOD_MATCH = YES;
				"CODE_SIGN_IDENTITY[sdk=iphoneos*]" = "iPhone Developer";
				COPY_PHASE_STRIP = NO;
				DEBUG_INFORMATION_FORMAT = dwarf;
				ENABLE_STRICT_OBJC_MSGSEND = YES;
				ENABLE_TESTABILITY = YES;
				GCC_C_LANGUAGE_STANDARD = gnu99;
				GCC_DYNAMIC_NO_PIC = NO;
				GCC_NO_COMMON_BLOCKS = YES;
				GCC_OPTIMIZATION_LEVEL = 0;
				GCC_PREPROCESSOR_DEFINITIONS = (
					"DEBUG=1",
					"$(inherited)",
				);
				GCC_WARN_64_TO_32_BIT_CONVERSION = YES;
				GCC_WARN_ABOUT_RETURN_TYPE = YES_ERROR;
				GCC_WARN_UNDECLARED_SELECTOR = YES;
				GCC_WARN_UNINITIALIZED_AUTOS = YES_AGGRESSIVE;
				GCC_WARN_UNUSED_FUNCTION = YES;
				GCC_WARN_UNUSED_VARIABLE = YES;
				IPHONEOS_DEPLOYMENT_TARGET = 10.3;
				MTL_ENABLE_DEBUG_INFO = YES;
				ONLY_ACTIVE_ARCH = YES;
				SDKROOT = iphoneos;
				SWIFT_ACTIVE_COMPILATION_CONDITIONS = DEBUG;
				SWIFT_OPTIMIZATION_LEVEL = "-Onone";
			};
			name = Debug;
		};
		5F813D5A1F76B34000EE4737 /* Release */ = {
			isa = XCBuildConfiguration;
			buildSettings = {
				ALWAYS_SEARCH_USER_PATHS = NO;
				CLANG_ANALYZER_NONNULL = YES;
				CLANG_ANALYZER_NUMBER_OBJECT_CONVERSION = YES_AGGRESSIVE;
				CLANG_CXX_LANGUAGE_STANDARD = "gnu++0x";
				CLANG_CXX_LIBRARY = "libc++";
				CLANG_ENABLE_MODULES = YES;
				CLANG_ENABLE_OBJC_ARC = YES;
				CLANG_WARN_BLOCK_CAPTURE_AUTORELEASING = YES;
				CLANG_WARN_BOOL_CONVERSION = YES;
				CLANG_WARN_COMMA = YES;
				CLANG_WARN_CONSTANT_CONVERSION = YES;
				CLANG_WARN_DIRECT_OBJC_ISA_USAGE = YES_ERROR;
				CLANG_WARN_DOCUMENTATION_COMMENTS = YES;
				CLANG_WARN_EMPTY_BODY = YES;
				CLANG_WARN_ENUM_CONVERSION = YES;
				CLANG_WARN_INFINITE_RECURSION = YES;
				CLANG_WARN_INT_CONVERSION = YES;
				CLANG_WARN_NON_LITERAL_NULL_CONVERSION = YES;
				CLANG_WARN_OBJC_LITERAL_CONVERSION = YES;
				CLANG_WARN_OBJC_ROOT_CLASS = YES_ERROR;
				CLANG_WARN_RANGE_LOOP_ANALYSIS = YES;
				CLANG_WARN_STRICT_PROTOTYPES = YES;
				CLANG_WARN_SUSPICIOUS_MOVE = YES;
				CLANG_WARN_UNREACHABLE_CODE = YES;
				CLANG_WARN__DUPLICATE_METHOD_MATCH = YES;
				"CODE_SIGN_IDENTITY[sdk=iphoneos*]" = "iPhone Developer";
				COPY_PHASE_STRIP = NO;
				DEBUG_INFORMATION_FORMAT = "dwarf-with-dsym";
				ENABLE_NS_ASSERTIONS = NO;
				ENABLE_STRICT_OBJC_MSGSEND = YES;
				GCC_C_LANGUAGE_STANDARD = gnu99;
				GCC_NO_COMMON_BLOCKS = YES;
				GCC_WARN_64_TO_32_BIT_CONVERSION = YES;
				GCC_WARN_ABOUT_RETURN_TYPE = YES_ERROR;
				GCC_WARN_UNDECLARED_SELECTOR = YES;
				GCC_WARN_UNINITIALIZED_AUTOS = YES_AGGRESSIVE;
				GCC_WARN_UNUSED_FUNCTION = YES;
				GCC_WARN_UNUSED_VARIABLE = YES;
				IPHONEOS_DEPLOYMENT_TARGET = 10.3;
				MTL_ENABLE_DEBUG_INFO = NO;
				SDKROOT = iphoneos;
				SWIFT_OPTIMIZATION_LEVEL = "-Owholemodule";
				VALIDATE_PRODUCT = YES;
			};
			name = Release;
		};
		5F813D5C1F76B34000EE4737 /* Debug */ = {
			isa = XCBuildConfiguration;
			buildSettings = {
				ASSETCATALOG_COMPILER_APPICON_NAME = AppIcon;
				DEVELOPMENT_TEAM = 89FDDQSF5H;
				INFOPLIST_FILE = WeatherNow/Info.plist;
				LD_RUNPATH_SEARCH_PATHS = "$(inherited) @executable_path/Frameworks";
				PRODUCT_BUNDLE_IDENTIFIER = ebenezer.WeatherNow;
				PRODUCT_NAME = "$(TARGET_NAME)";
				SWIFT_SWIFT3_OBJC_INFERENCE = On;
				SWIFT_VERSION = 4.0;
			};
			name = Debug;
		};
		5F813D5D1F76B34000EE4737 /* Release */ = {
			isa = XCBuildConfiguration;
			buildSettings = {
				ASSETCATALOG_COMPILER_APPICON_NAME = AppIcon;
				DEVELOPMENT_TEAM = 89FDDQSF5H;
				INFOPLIST_FILE = WeatherNow/Info.plist;
				LD_RUNPATH_SEARCH_PATHS = "$(inherited) @executable_path/Frameworks";
				PRODUCT_BUNDLE_IDENTIFIER = ebenezer.WeatherNow;
				PRODUCT_NAME = "$(TARGET_NAME)";
				SWIFT_SWIFT3_OBJC_INFERENCE = On;
				SWIFT_VERSION = 4.0;
			};
			name = Release;
		};
/* End XCBuildConfiguration section */

/* Begin XCConfigurationList section */
		5F813D441F76B34000EE4737 /* Build configuration list for PBXProject "WeatherNow" */ = {
			isa = XCConfigurationList;
			buildConfigurations = (
				5F813D591F76B34000EE4737 /* Debug */,
				5F813D5A1F76B34000EE4737 /* Release */,
			);
			defaultConfigurationIsVisible = 0;
			defaultConfigurationName = Release;
		};
		5F813D5B1F76B34000EE4737 /* Build configuration list for PBXNativeTarget "WeatherNow" */ = {
			isa = XCConfigurationList;
			buildConfigurations = (
				5F813D5C1F76B34000EE4737 /* Debug */,
				5F813D5D1F76B34000EE4737 /* Release */,
			);
			defaultConfigurationIsVisible = 0;
			defaultConfigurationName = Release;
		};
/* End XCConfigurationList section */
	};
	rootObject = 5F813D411F76B34000EE4737 /* Project object */;
}
